# Pinned components: name=url@ref
# - HTTPS URLs so public repos clone without SSH keys; SSH fallback documented in docs/INSTALL.md.
# - "ref" is a commit SHA once the component is published; "LOCAL" means the component is
#   not yet published and must be used from its live checkout path (LOCAL=1 mode).
#   P1 replaces LOCAL with real SHAs after openclaw-bot is populated and published.
openclaw-bot=https://github.com/hoanganhduc/openclaw-bot.git@1fd8f58fce99df1fdefc40a920c6505573f4d97b
ai-agents-skills=https://github.com/hoanganhduc/ai-agents-skills.git@1e9c36eea0f992f945331392e0eea89171262dea
